
Microsoft Visual Studio Solution File, Format Version 12.00
# Visual Studio 2013
VisualStudioVersion = 12.0.21005.1
MinimumVisualStudioVersion = 10.0.40219.1
Project("{8BC9CEB8-8B4A-11D0-8D11-00A0C91BC942}") = "backdoor_client", "backdoor_client\backdoor_client.vcxproj", "{BA949478-6636-40F3-B418-F11C210AD5DB}"
	ProjectSection(ProjectDependencies) = postProject
		{2B04173C-05C7-4E20-BE7B-DD90651EBB4B} = {2B04173C-05C7-4E20-BE7B-DD90651EBB4B}
		{05D0F16A-FAD2-4225-A2E2-7276968D3D24} = {05D0F16A-FAD2-4225-A2E2-7276968D3D24}
		{954ED771-8F85-4CE9-B18F-2DE36A5450DC} = {954ED771-8F85-4CE9-B18F-2DE36A5450DC}
		{F9848187-D693-4DB4-B8C2-407165AE5299} = {F9848187-D693-4DB4-B8C2-407165AE5299}
		{EBB9F5D5-A131-47E9-9E06-59BD64096FEC} = {EBB9F5D5-A131-47E9-9E06-59BD64096FEC}
	EndProjectSection
EndProject
Project("{8BC9CEB8-8B4A-11D0-8D11-00A0C91BC942}") = "udis86_lib", "udis86\udis86_lib.vcxproj", "{F9848187-D693-4DB4-B8C2-407165AE5299}"
EndProject
Project("{8BC9CEB8-8B4A-11D0-8D11-00A0C91BC942}") = "backdoor_library", "backdoor_library\backdoor_library.vcxproj", "{2B04173C-05C7-4E20-BE7B-DD90651EBB4B}"
EndProject
Project("{8BC9CEB8-8B4A-11D0-8D11-00A0C91BC942}") = "trustlet_loader", "trustlet_loader\trustlet_loader.vcxproj", "{3607C825-5071-406A-94CC-08F911DD54C1}"
	ProjectSection(ProjectDependencies) = postProject
		{2B04173C-05C7-4E20-BE7B-DD90651EBB4B} = {2B04173C-05C7-4E20-BE7B-DD90651EBB4B}
		{F9848187-D693-4DB4-B8C2-407165AE5299} = {F9848187-D693-4DB4-B8C2-407165AE5299}
	EndProjectSection
EndProject
Project("{8BC9CEB8-8B4A-11D0-8D11-00A0C91BC942}") = "trustlet_demo", "trustlet_demo\trustlet_demo.vcxproj", "{AF413792-440A-4E87-964C-C9B07EE0AA38}"
EndProject
Project("{8BC9CEB8-8B4A-11D0-8D11-00A0C91BC942}") = "driver_loader", "driver_loader\driver_loader.vcxproj", "{EBB9F5D5-A131-47E9-9E06-59BD64096FEC}"
	ProjectSection(ProjectDependencies) = postProject
		{2B04173C-05C7-4E20-BE7B-DD90651EBB4B} = {2B04173C-05C7-4E20-BE7B-DD90651EBB4B}
	EndProjectSection
EndProject
Project("{8BC9CEB8-8B4A-11D0-8D11-00A0C91BC942}") = "driver_example", "driver_example\driver_example.vcxproj", "{708800BA-FBF9-4A7A-845B-D9629E5D70F6}"
EndProject
Project("{8BC9CEB8-8B4A-11D0-8D11-00A0C91BC942}") = "driver_loader_sk", "driver_loader_sk\driver_loader_sk.vcxproj", "{05D0F16A-FAD2-4225-A2E2-7276968D3D24}"
EndProject
Project("{8BC9CEB8-8B4A-11D0-8D11-00A0C91BC942}") = "driver_example_sk", "driver_example_sk\driver_example_sk.vcxproj", "{F92DD675-46F5-4487-A43D-628789C5DBEB}"
EndProject
Project("{8BC9CEB8-8B4A-11D0-8D11-00A0C91BC942}") = "vm_exec_kernel", "vm_exec_kernel\vm_exec_kernel.vcxproj", "{954ED771-8F85-4CE9-B18F-2DE36A5450DC}"
	ProjectSection(ProjectDependencies) = postProject
		{60067986-A909-433D-9699-0E00FE13E16E} = {60067986-A909-433D-9699-0E00FE13E16E}
	EndProjectSection
EndProject
Project("{8BC9CEB8-8B4A-11D0-8D11-00A0C91BC942}") = "vm_exec_user", "vm_exec_user\vm_exec_user.vcxproj", "{60067986-A909-433D-9699-0E00FE13E16E}"
EndProject
Global
	GlobalSection(SolutionConfigurationPlatforms) = preSolution
		Debug|x64 = Debug|x64
		Release|x64 = Release|x64
	EndGlobalSection
	GlobalSection(ProjectConfigurationPlatforms) = postSolution
		{BA949478-6636-40F3-B418-F11C210AD5DB}.Debug|x64.ActiveCfg = Debug|x64
		{BA949478-6636-40F3-B418-F11C210AD5DB}.Debug|x64.Build.0 = Debug|x64
		{BA949478-6636-40F3-B418-F11C210AD5DB}.Release|x64.ActiveCfg = Release|x64
		{BA949478-6636-40F3-B418-F11C210AD5DB}.Release|x64.Build.0 = Release|x64
		{F9848187-D693-4DB4-B8C2-407165AE5299}.Debug|x64.ActiveCfg = Debug|x64
		{F9848187-D693-4DB4-B8C2-407165AE5299}.Debug|x64.Build.0 = Debug|x64
		{F9848187-D693-4DB4-B8C2-407165AE5299}.Release|x64.ActiveCfg = Release|x64
		{F9848187-D693-4DB4-B8C2-407165AE5299}.Release|x64.Build.0 = Release|x64
		{2B04173C-05C7-4E20-BE7B-DD90651EBB4B}.Debug|x64.ActiveCfg = Debug|x64
		{2B04173C-05C7-4E20-BE7B-DD90651EBB4B}.Debug|x64.Build.0 = Debug|x64
		{2B04173C-05C7-4E20-BE7B-DD90651EBB4B}.Release|x64.ActiveCfg = Release|x64
		{2B04173C-05C7-4E20-BE7B-DD90651EBB4B}.Release|x64.Build.0 = Release|x64
		{3607C825-5071-406A-94CC-08F911DD54C1}.Debug|x64.ActiveCfg = Debug|x64
		{3607C825-5071-406A-94CC-08F911DD54C1}.Debug|x64.Build.0 = Debug|x64
		{3607C825-5071-406A-94CC-08F911DD54C1}.Release|x64.ActiveCfg = Release|x64
		{3607C825-5071-406A-94CC-08F911DD54C1}.Release|x64.Build.0 = Release|x64
		{AF413792-440A-4E87-964C-C9B07EE0AA38}.Debug|x64.ActiveCfg = Debug|x64
		{AF413792-440A-4E87-964C-C9B07EE0AA38}.Debug|x64.Build.0 = Debug|x64
		{AF413792-440A-4E87-964C-C9B07EE0AA38}.Release|x64.ActiveCfg = Release|x64
		{AF413792-440A-4E87-964C-C9B07EE0AA38}.Release|x64.Build.0 = Release|x64
		{EBB9F5D5-A131-47E9-9E06-59BD64096FEC}.Debug|x64.ActiveCfg = Debug|x64
		{EBB9F5D5-A131-47E9-9E06-59BD64096FEC}.Debug|x64.Build.0 = Debug|x64
		{EBB9F5D5-A131-47E9-9E06-59BD64096FEC}.Release|x64.ActiveCfg = Release|x64
		{EBB9F5D5-A131-47E9-9E06-59BD64096FEC}.Release|x64.Build.0 = Release|x64
		{708800BA-FBF9-4A7A-845B-D9629E5D70F6}.Debug|x64.ActiveCfg = Debug|x64
		{708800BA-FBF9-4A7A-845B-D9629E5D70F6}.Debug|x64.Build.0 = Debug|x64
		{708800BA-FBF9-4A7A-845B-D9629E5D70F6}.Release|x64.ActiveCfg = Release|x64
		{708800BA-FBF9-4A7A-845B-D9629E5D70F6}.Release|x64.Build.0 = Release|x64
		{05D0F16A-FAD2-4225-A2E2-7276968D3D24}.Debug|x64.ActiveCfg = Debug|x64
		{05D0F16A-FAD2-4225-A2E2-7276968D3D24}.Debug|x64.Build.0 = Debug|x64
		{05D0F16A-FAD2-4225-A2E2-7276968D3D24}.Release|x64.ActiveCfg = Release|x64
		{05D0F16A-FAD2-4225-A2E2-7276968D3D24}.Release|x64.Build.0 = Release|x64
		{F92DD675-46F5-4487-A43D-628789C5DBEB}.Debug|x64.ActiveCfg = Debug|x64
		{F92DD675-46F5-4487-A43D-628789C5DBEB}.Debug|x64.Build.0 = Debug|x64
		{F92DD675-46F5-4487-A43D-628789C5DBEB}.Release|x64.ActiveCfg = Release|x64
		{F92DD675-46F5-4487-A43D-628789C5DBEB}.Release|x64.Build.0 = Release|x64
		{954ED771-8F85-4CE9-B18F-2DE36A5450DC}.Debug|x64.ActiveCfg = Debug|x64
		{954ED771-8F85-4CE9-B18F-2DE36A5450DC}.Debug|x64.Build.0 = Debug|x64
		{954ED771-8F85-4CE9-B18F-2DE36A5450DC}.Release|x64.ActiveCfg = Release|x64
		{954ED771-8F85-4CE9-B18F-2DE36A5450DC}.Release|x64.Build.0 = Release|x64
		{60067986-A909-433D-9699-0E00FE13E16E}.Debug|x64.ActiveCfg = Debug|x64
		{60067986-A909-433D-9699-0E00FE13E16E}.Debug|x64.Build.0 = Debug|x64
		{60067986-A909-433D-9699-0E00FE13E16E}.Release|x64.ActiveCfg = Release|x64
		{60067986-A909-433D-9699-0E00FE13E16E}.Release|x64.Build.0 = Release|x64
	EndGlobalSection
	GlobalSection(SolutionProperties) = preSolution
		HideSolutionNode = FALSE
	EndGlobalSection
EndGlobal
