<?xml version="1.0" encoding="utf-8"?>
<Project ToolsVersion="12.0" xmlns="http://schemas.microsoft.com/developer/msbuild/2003">
  <ItemGroup>
    <Filter Include="Header Files">
      <UniqueIdentifier>{c33aee7a-413c-4795-83b5-5e69873547ac}</UniqueIdentifier>
    </Filter>
    <Filter Include="Source Files">
      <UniqueIdentifier>{862f6d23-3485-4b70-a47b-d9d625ed9269}</UniqueIdentifier>
    </Filter>
    <Filter Include="Resource Files">
      <UniqueIdentifier>{696614e4-8d28-4be5-9033-c8beba62e0b4}</UniqueIdentifier>
    </Filter>
  </ItemGroup>
  <ItemGroup>
    <ClInclude Include="src\common.h">
      <Filter>Header Files</Filter>
    </ClInclude>
    <ClInclude Include="src\asm\common_asm.h">
      <Filter>Header Files</Filter>
    </ClInclude>
    <ClInclude Include="src\debug.h">
      <Filter>Header Files</Filter>
    </ClInclude>
    <ClInclude Include="src\runtime\import.h">
      <Filter>Header Files</Filter>
    </ClInclude>
    <ClInclude Include="src\runtime\runtime.h">
      <Filter>Header Files</Filter>
    </ClInclude>
    <ClInclude Include="src\stdafx.h">
      <Filter>Header Files</Filter>
    </ClInclude>
    <ClInclude Include="src\undocnt.h">
      <Filter>Header Files</Filter>
    </ClInclude>
  </ItemGroup>
  <ItemGroup>
    <ClCompile Include="src\backdoor_driver.cpp">
      <Filter>Source Files</Filter>
    </ClCompile>
    <ClCompile Include="src\common.cpp">
      <Filter>Source Files</Filter>
    </ClCompile>
    <ClCompile Include="src\debug.cpp">
      <Filter>Source Files</Filter>
    </ClCompile>
    <ClCompile Include="src\runtime\import.cpp">
      <Filter>Source Files</Filter>
    </ClCompile>
    <ClCompile Include="src\runtime\runtime.cpp">
      <Filter>Source Files</Filter>
    </ClCompile>
  </ItemGroup>
  <ItemGroup>
    <None Include="src\asm\amd64\common_asm.asm">
      <Filter>Source Files</Filter>
    </None>
  </ItemGroup>
</Project>