<?xml version="1.0" encoding="utf-8"?>
<Project ToolsVersion="4.0" xmlns="http://schemas.microsoft.com/developer/msbuild/2003">
  <ItemGroup>
    <Filter Include="Source Files">
      <UniqueIdentifier>{4FC737F1-C7A5-4376-A066-2A32D752A2FF}</UniqueIdentifier>
      <Extensions>cpp;c;cc;cxx;def;odl;idl;hpj;bat;asm;asmx</Extensions>
    </Filter>
    <Filter Include="Header Files">
      <UniqueIdentifier>{93995380-89BD-4b04-88EB-625FBE52EBFB}</UniqueIdentifier>
      <Extensions>h;hh;hpp;hxx;hm;inl;inc;xsd</Extensions>
    </Filter>
    <Filter Include="Resource Files">
      <UniqueIdentifier>{67DA6AB6-F800-4c08-8B7A-83BB121AAD01}</UniqueIdentifier>
      <Extensions>rc;ico;cur;bmp;dlg;rc2;rct;bin;rgs;gif;jpg;jpeg;jpe;resx;tiff;tif;png;wav;mfcribbon-ms</Extensions>
    </Filter>
    <Filter Include="Header Files\common">
      <UniqueIdentifier>{374a046a-a6ba-4d68-a770-cadc4d7a6dc3}</UniqueIdentifier>
    </Filter>
    <Filter Include="Source Files\common">
      <UniqueIdentifier>{8943ce50-6f2e-419a-87b1-c1482da4eec2}</UniqueIdentifier>
    </Filter>
    <Filter Include="Header Files\rpc">
      <UniqueIdentifier>{5201f51e-576f-4a01-9e00-40e0cdccce13}</UniqueIdentifier>
    </Filter>
    <Filter Include="Source Files\rpc">
      <UniqueIdentifier>{f8b05d58-64cf-42f1-8e81-f12371679c58}</UniqueIdentifier>
    </Filter>
  </ItemGroup>
  <ItemGroup>
    <ClInclude Include="stdafx.h">
      <Filter>Header Files</Filter>
    </ClInclude>
    <ClInclude Include="targetver.h">
      <Filter>Header Files</Filter>
    </ClInclude>
    <ClInclude Include="..\common\common.h">
      <Filter>Header Files\common</Filter>
    </ClInclude>
    <ClInclude Include="..\common\loader.h">
      <Filter>Header Files\common</Filter>
    </ClInclude>
    <ClInclude Include="..\rpc\trustlet_debug.h">
      <Filter>Header Files\rpc</Filter>
    </ClInclude>
    <ClInclude Include="..\rpc\params.h">
      <Filter>Header Files\rpc</Filter>
    </ClInclude>
    <ClInclude Include="..\common\common_backdoor.h">
      <Filter>Header Files\common</Filter>
    </ClInclude>
  </ItemGroup>
  <ItemGroup>
    <ClCompile Include="stdafx.cpp">
      <Filter>Source Files</Filter>
    </ClCompile>
    <ClCompile Include="trustlet_loader.cpp">
      <Filter>Source Files</Filter>
    </ClCompile>
    <ClCompile Include="..\common\loader.cpp">
      <Filter>Source Files\common</Filter>
    </ClCompile>
    <ClCompile Include="..\rpc\trustlet_debug_c.c">
      <Filter>Source Files\rpc</Filter>
    </ClCompile>
    <ClCompile Include="..\common\common_backdoor.cpp">
      <Filter>Source Files\common</Filter>
    </ClCompile>
    <ClCompile Include="..\common\common.cpp">
      <Filter>Source Files\common</Filter>
    </ClCompile>
  </ItemGroup>
</Project>